
Microsoft Visual Studio Solution File, Format Version 12.00
# Visual Studio Version 16
VisualStudioVersion = 16.0.30907.101
MinimumVisualStudioVersion = 10.0.40219.1
Project("{FAE04EC0-301F-11D3-BF4B-00C04F79EFBC}") = "EventStarter", "EventStarter.csproj", "{B264AF90-06BB-4304-B8DD-B60C62B502E3}"
EndProject
Global
	GlobalSection(SolutionConfigurationPlatforms) = preSolution
		Debug|Any CPU = Debug|Any CPU
		Release|Any CPU = Release|Any CPU
	EndGlobalSection
	GlobalSection(ProjectConfigurationPlatforms) = postSolution
		{B264AF90-06BB-4304-B8DD-B60C62B502E3}.Debug|Any CPU.ActiveCfg = Debug|Any CPU
		{B264AF90-06BB-4304-B8DD-B60C62B502E3}.Debug|Any CPU.Build.0 = Debug|Any CPU
		{B264AF90-06BB-4304-B8DD-B60C62B502E3}.Release|Any CPU.ActiveCfg = Release|Any CPU
		{B264AF90-06BB-4304-B8DD-B60C62B502E3}.Release|Any CPU.Build.0 = Release|Any CPU
	EndGlobalSection
	GlobalSection(SolutionProperties) = preSolution
		HideSolutionNode = FALSE
	EndGlobalSection
	GlobalSection(ExtensibilityGlobals) = postSolution
		SolutionGuid = {FBE46F76-153F-4E74-B2BF-86D338294640}
	EndGlobalSection
EndGlobal
